
Microsoft Visual Studio Solution File, Format Version 12.00
# Visual Studio 14
VisualStudioVersion = 14.0.23107.0
MinimumVisualStudioVersion = 10.0.40219.1
Project("{2150E333-8FDC-42A3-9474-1A3956D46DE8}") = "Build", "Build", "{CEC9D451-6291-4EDF-971A-D398144FBF96}"
	ProjectSection(SolutionItems) = preProject
		.gitattributes = .gitattributes
		.gitignore = .gitignore
		appveyor.yml = appveyor.yml
		build.cmd = build.cmd
		build.fsx = build.fsx
		script\cibuild.ps1 = script\cibuild.ps1
		CustomDictionary.xml = CustomDictionary.xml
		octokit.nuspec = octokit.nuspec
		Octokit.Reactive.nuspec = Octokit.Reactive.nuspec
		Octokit.ruleset = Octokit.ruleset
	EndProjectSection
EndProject
Project("{2150E333-8FDC-42A3-9474-1A3956D46DE8}") = "Meta", "Meta", "{397C742D-291E-46BD-99A5-57BB6902FA7B}"
	ProjectSection(SolutionItems) = preProject
		CONTRIBUTING.md = CONTRIBUTING.md
		LICENSE.txt = LICENSE.txt
		README.md = README.md
		ReleaseNotes.md = ReleaseNotes.md
		SolutionInfo.cs = SolutionInfo.cs
	EndProjectSection
EndProject
Project("{2150E333-8FDC-42A3-9474-1A3956D46DE8}") = ".nuget", ".nuget", "{DB068FD2-F54C-48EB-A6FD-1AC9EA3F8F57}"
EndProject
Project("{FAE04EC0-301F-11D3-BF4B-00C04F79EFBC}") = "Octokit.Api", "Octokit.Api\Octokit.Api.csproj", "{28A12AA2-3D92-4A00-8603-FD552685A64E}"
EndProject
Project("{FAE04EC0-301F-11D3-BF4B-00C04F79EFBC}") = "Octokit.Spi", "Octokit.Spi\Octokit.Spi.csproj", "{66F668A4-26B5-4AE3-B684-93038093FFB0}"
EndProject
Project("{FAE04EC0-301F-11D3-BF4B-00C04F79EFBC}") = "OctoKit.Api.Tests", "OctoKit.Api.Tests\OctoKit.Api.Tests.csproj", "{EA6CE895-4FAC-431D-BB3F-A2C82D327E42}"
EndProject
Global
	GlobalSection(SolutionConfigurationPlatforms) = preSolution
		Debug|Any CPU = Debug|Any CPU
		Release|Any CPU = Release|Any CPU
	EndGlobalSection
	GlobalSection(ProjectConfigurationPlatforms) = postSolution
		{28A12AA2-3D92-4A00-8603-FD552685A64E}.Debug|Any CPU.ActiveCfg = Debug|Any CPU
		{28A12AA2-3D92-4A00-8603-FD552685A64E}.Debug|Any CPU.Build.0 = Debug|Any CPU
		{28A12AA2-3D92-4A00-8603-FD552685A64E}.Release|Any CPU.ActiveCfg = Release|Any CPU
		{28A12AA2-3D92-4A00-8603-FD552685A64E}.Release|Any CPU.Build.0 = Release|Any CPU
		{66F668A4-26B5-4AE3-B684-93038093FFB0}.Debug|Any CPU.ActiveCfg = Debug|Any CPU
		{66F668A4-26B5-4AE3-B684-93038093FFB0}.Debug|Any CPU.Build.0 = Debug|Any CPU
		{66F668A4-26B5-4AE3-B684-93038093FFB0}.Release|Any CPU.ActiveCfg = Release|Any CPU
		{66F668A4-26B5-4AE3-B684-93038093FFB0}.Release|Any CPU.Build.0 = Release|Any CPU
		{EA6CE895-4FAC-431D-BB3F-A2C82D327E42}.Debug|Any CPU.ActiveCfg = Debug|Any CPU
		{EA6CE895-4FAC-431D-BB3F-A2C82D327E42}.Debug|Any CPU.Build.0 = Debug|Any CPU
		{EA6CE895-4FAC-431D-BB3F-A2C82D327E42}.Release|Any CPU.ActiveCfg = Release|Any CPU
		{EA6CE895-4FAC-431D-BB3F-A2C82D327E42}.Release|Any CPU.Build.0 = Release|Any CPU
	EndGlobalSection
	GlobalSection(SolutionProperties) = preSolution
		HideSolutionNode = FALSE
	EndGlobalSection
EndGlobal
